
Microsoft Visual Studio Solution File, Format Version 12.00
# Visual Studio 14
VisualStudioVersion = 14.0.24720.0
MinimumVisualStudioVersion = 10.0.40219.1
Project("{FAE04EC0-301F-11D3-BF4B-00C04F79EFBC}") = "KAGTools", "KAGTools\KAGTools.csproj", "{A04EE051-6C4E-4FC4-A443-F4100B7AEF66}"
EndProject
Global
	GlobalSection(SolutionConfigurationPlatforms) = preSolution
		Debug|Any CPU = Debug|Any CPU
		Release|Any CPU = Release|Any CPU
	EndGlobalSection
	GlobalSection(ProjectConfigurationPlatforms) = postSolution
		{A04EE051-6C4E-4FC4-A443-F4100B7AEF66}.Debug|Any CPU.ActiveCfg = Debug|Any CPU
		{A04EE051-6C4E-4FC4-A443-F4100B7AEF66}.Debug|Any CPU.Build.0 = Debug|Any CPU
		{A04EE051-6C4E-4FC4-A443-F4100B7AEF66}.Release|Any CPU.ActiveCfg = Release|Any CPU
		{A04EE051-6C4E-4FC4-A443-F4100B7AEF66}.Release|Any CPU.Build.0 = Release|Any CPU
	EndGlobalSection
	GlobalSection(SolutionProperties) = preSolution
		HideSolutionNode = FALSE
	EndGlobalSection
EndGlobal
